
Microsoft Visual Studio Solution File, Format Version 12.00
# Visual Studio Version 17
VisualStudioVersion = 17.2.32630.192
MinimumVisualStudioVersion = 10.0.40219.1
Project("{FAE04EC0-301F-11D3-BF4B-00C04F79EFBC}") = "Task4.1.4", "Task4.1.4\Task4.1.4.csproj", "{82FDA502-B35B-4F2F-9BD0-9FDF68BCDF49}"
EndProject
Project("{FAE04EC0-301F-11D3-BF4B-00C04F79EFBC}") = "Task4.1.5", "Task4.1.5\Task4.1.5.csproj", "{F5EE8543-CE5C-404C-97C8-461BE5C28A58}"
EndProject
Project("{FAE04EC0-301F-11D3-BF4B-00C04F79EFBC}") = "Task4.1.17", "Task4.1.17\Task4.1.17.csproj", "{5D28C4E5-2EB1-43A7-BCEE-5C9DEF869267}"
EndProject
Project("{FAE04EC0-301F-11D3-BF4B-00C04F79EFBC}") = "Task4.1.18", "Task4.1.18\Task4.1.18.csproj", "{CF044472-BE69-437A-997D-545729027459}"
EndProject
Global
	GlobalSection(SolutionConfigurationPlatforms) = preSolution
		Debug|Any CPU = Debug|Any CPU
		Release|Any CPU = Release|Any CPU
	EndGlobalSection
	GlobalSection(ProjectConfigurationPlatforms) = postSolution
		{82FDA502-B35B-4F2F-9BD0-9FDF68BCDF49}.Debug|Any CPU.ActiveCfg = Debug|Any CPU
		{82FDA502-B35B-4F2F-9BD0-9FDF68BCDF49}.Debug|Any CPU.Build.0 = Debug|Any CPU
		{82FDA502-B35B-4F2F-9BD0-9FDF68BCDF49}.Release|Any CPU.ActiveCfg = Release|Any CPU
		{82FDA502-B35B-4F2F-9BD0-9FDF68BCDF49}.Release|Any CPU.Build.0 = Release|Any CPU
		{F5EE8543-CE5C-404C-97C8-461BE5C28A58}.Debug|Any CPU.ActiveCfg = Debug|Any CPU
		{F5EE8543-CE5C-404C-97C8-461BE5C28A58}.Debug|Any CPU.Build.0 = Debug|Any CPU
		{F5EE8543-CE5C-404C-97C8-461BE5C28A58}.Release|Any CPU.ActiveCfg = Release|Any CPU
		{F5EE8543-CE5C-404C-97C8-461BE5C28A58}.Release|Any CPU.Build.0 = Release|Any CPU
		{5D28C4E5-2EB1-43A7-BCEE-5C9DEF869267}.Debug|Any CPU.ActiveCfg = Debug|Any CPU
		{5D28C4E5-2EB1-43A7-BCEE-5C9DEF869267}.Debug|Any CPU.Build.0 = Debug|Any CPU
		{5D28C4E5-2EB1-43A7-BCEE-5C9DEF869267}.Release|Any CPU.ActiveCfg = Release|Any CPU
		{5D28C4E5-2EB1-43A7-BCEE-5C9DEF869267}.Release|Any CPU.Build.0 = Release|Any CPU
		{CF044472-BE69-437A-997D-545729027459}.Debug|Any CPU.ActiveCfg = Debug|Any CPU
		{CF044472-BE69-437A-997D-545729027459}.Debug|Any CPU.Build.0 = Debug|Any CPU
		{CF044472-BE69-437A-997D-545729027459}.Release|Any CPU.ActiveCfg = Release|Any CPU
		{CF044472-BE69-437A-997D-545729027459}.Release|Any CPU.Build.0 = Release|Any CPU
	EndGlobalSection
	GlobalSection(SolutionProperties) = preSolution
		HideSolutionNode = FALSE
	EndGlobalSection
	GlobalSection(ExtensibilityGlobals) = postSolution
		SolutionGuid = {CD7DFED3-4DE2-437E-82A5-0DA996487D28}
	EndGlobalSection
EndGlobal
